
Microsoft Visual Studio Solution File, Format Version 12.00
# Visual Studio Version 17
VisualStudioVersion = 17.3.32804.467
MinimumVisualStudioVersion = 10.0.40219.1
Project("{8BC9CEB8-8B4A-11D0-8D11-00A0C91BC942}") = "Fatality", "Fatality.vcxproj", "{38FF21D1-CC30-4320-971D-D61E3D6B4E66}"
EndProject
Global
	GlobalSection(SolutionConfigurationPlatforms) = preSolution
		Debug|x64 = Debug|x64
		Debug|x86 = Debug|x86
		Release|x64 = Release|x64
		Release|x86 = Release|x86
	EndGlobalSection
	GlobalSection(ProjectConfigurationPlatforms) = postSolution
		{38FF21D1-CC30-4320-971D-D61E3D6B4E66}.Debug|x64.ActiveCfg = Debug|x64
		{38FF21D1-CC30-4320-971D-D61E3D6B4E66}.Debug|x64.Build.0 = Debug|x64
		{38FF21D1-CC30-4320-971D-D61E3D6B4E66}.Debug|x86.ActiveCfg = Debug|Win32
		{38FF21D1-CC30-4320-971D-D61E3D6B4E66}.Debug|x86.Build.0 = Debug|Win32
		{38FF21D1-CC30-4320-971D-D61E3D6B4E66}.Release|x64.ActiveCfg = Release|x64
		{38FF21D1-CC30-4320-971D-D61E3D6B4E66}.Release|x64.Build.0 = Release|x64
		{38FF21D1-CC30-4320-971D-D61E3D6B4E66}.Release|x86.ActiveCfg = Release|Win32
		{38FF21D1-CC30-4320-971D-D61E3D6B4E66}.Release|x86.Build.0 = Release|Win32
	EndGlobalSection
	GlobalSection(SolutionProperties) = preSolution
		HideSolutionNode = FALSE
	EndGlobalSection
	GlobalSection(ExtensibilityGlobals) = postSolution
		SolutionGuid = {D1763B63-A985-45FD-82B4-D1F6C061F3FD}
	EndGlobalSection
EndGlobal
